// !$*UTF8*$!
{
	archiveVersion = 1;
	classes = {
	};
	objectVersion = 50;
	objects = {

/* Begin PBXBuildFile section */
		01F04BAB2620C44E00279712 /* AppDelegate.swift in Sources */ = {isa = PBXBuildFile; fileRef = 01F04BAA2620C44E00279712 /* AppDelegate.swift */; };
		01F04BAD2620C44E00279712 /* SceneDelegate.swift in Sources */ = {isa = PBXBuildFile; fileRef = 01F04BAC2620C44E00279712 /* SceneDelegate.swift */; };
		01F04BAF2620C44E00279712 /* ViewController.swift in Sources */ = {isa = PBXBuildFile; fileRef = 01F04BAE2620C44E00279712 /* ViewController.swift */; };
		01F04BB22620C44E00279712 /* Main.storyboard in Resources */ = {isa = PBXBuildFile; fileRef = 01F04BB02620C44E00279712 /* Main.storyboard */; };
		01F04BB42620C45100279712 /* Assets.xcassets in Resources */ = {isa = PBXBuildFile; fileRef = 01F04BB32620C45100279712 /* Assets.xcassets */; };
		01F04BB72620C45100279712 /* LaunchScreen.storyboard in Resources */ = {isa = PBXBuildFile; fileRef = 01F04BB52620C45100279712 /* LaunchScreen.storyboard */; };
		01F04BC22620C45100279712 /* CMTAppTests.swift in Sources */ = {isa = PBXBuildFile; fileRef = 01F04BC12620C45100279712 /* CMTAppTests.swift */; };
		01F04BCD2620C45100279712 /* CMTAppUITests.swift in Sources */ = {isa = PBXBuildFile; fileRef = 01F04BCC2620C45100279712 /* CMTAppUITests.swift */; };
/* End PBXBuildFile section */

/* Begin PBXContainerItemProxy section */
		01F04BBE2620C45100279712 /* PBXContainerItemProxy */ = {
			isa = PBXContainerItemProxy;
			containerPortal = 01F04B9F2620C44E00279712 /* Project object */;
			proxyType = 1;
			remoteGlobalIDString = 01F04BA62620C44E00279712;
			remoteInfo = CMTApp;
		};
		01F04BC92620C45100279712 /* PBXContainerItemProxy */ = {
			isa = PBXContainerItemProxy;
			containerPortal = 01F04B9F2620C44E00279712 /* Project object */;
			proxyType = 1;
			remoteGlobalIDString = 01F04BA62620C44E00279712;
			remoteInfo = CMTApp;
		};
/* End PBXContainerItemProxy section */

/* Begin PBXFileReference section */
		01F04BA72620C44E00279712 /* CMTApp.app */ = {isa = PBXFileReference; explicitFileType = wrapper.application; includeInIndex = 0; path = CMTApp.app; sourceTree = BUILT_PRODUCTS_DIR; };
		01F04BAA2620C44E00279712 /* AppDelegate.swift */ = {isa = PBXFileReference; lastKnownFileType = sourcecode.swift; path = AppDelegate.swift; sourceTree = "<group>"; };
		01F04BAC2620C44E00279712 /* SceneDelegate.swift */ = {isa = PBXFileReference; lastKnownFileType = sourcecode.swift; path = SceneDelegate.swift; sourceTree = "<group>"; };
		01F04BAE2620C44E00279712 /* ViewController.swift */ = {isa = PBXFileReference; lastKnownFileType = sourcecode.swift; path = ViewController.swift; sourceTree = "<group>"; };
		01F04BB12620C44E00279712 /* Base */ = {isa = PBXFileReference; lastKnownFileType = file.storyboard; name = Base; path = Base.lproj/Main.storyboard; sourceTree = "<group>"; };
		01F04BB32620C45100279712 /* Assets.xcassets */ = {isa = PBXFileReference; lastKnownFileType = folder.assetcatalog; path = Assets.xcassets; sourceTree = "<group>"; };
		01F04BB62620C45100279712 /* Base */ = {isa = PBXFileReference; lastKnownFileType = file.storyboard; name = Base; path = Base.lproj/LaunchScreen.storyboard; sourceTree = "<group>"; };
		01F04BB82620C45100279712 /* Info.plist */ = {isa = PBXFileReference; lastKnownFileType = text.plist.xml; path = Info.plist; sourceTree = "<group>"; };
		01F04BBD2620C45100279712 /* CMTAppTests.xctest */ = {isa = PBXFileReference; explicitFileType = wrapper.cfbundle; includeInIndex = 0; path = CMTAppTests.xctest; sourceTree = BUILT_PRODUCTS_DIR; };
		01F04BC12620C45100279712 /* CMTAppTests.swift */ = {isa = PBXFileReference; lastKnownFileType = sourcecode.swift; path = CMTAppTests.swift; sourceTree = "<group>"; };
		01F04BC32620C45100279712 /* Info.plist */ = {isa = PBXFileReference; lastKnownFileType = text.plist.xml; path = Info.plist; sourceTree = "<group>"; };
		01F04BC82620C45100279712 /* CMTAppUITests.xctest */ = {isa = PBXFileReference; explicitFileType = wrapper.cfbundle; includeInIndex = 0; path = CMTAppUITests.xctest; sourceTree = BUILT_PRODUCTS_DIR; };
		01F04BCC2620C45100279712 /* CMTAppUITests.swift */ = {isa = PBXFileReference; lastKnownFileType = sourcecode.swift; path = CMTAppUITests.swift; sourceTree = "<group>"; };
		01F04BCE2620C45100279712 /* Info.plist */ = {isa = PBXFileReference; lastKnownFileType = text.plist.xml; path = Info.plist; sourceTree = "<group>"; };
/* End PBXFileReference section */

/* Begin PBXFrameworksBuildPhase section */
		01F04BA42620C44E00279712 /* Frameworks */ = {
			isa = PBXFrameworksBuildPhase;
			buildActionMask = 2147483647;
			files = (
			);
			runOnlyForDeploymentPostprocessing = 0;
		};
		01F04BBA2620C45100279712 /* Frameworks */ = {
			isa = PBXFrameworksBuildPhase;
			buildActionMask = 2147483647;
			files = (
			);
			runOnlyForDeploymentPostprocessing = 0;
		};
		01F04BC52620C45100279712 /* Frameworks */ = {
			isa = PBXFrameworksBuildPhase;
			buildActionMask = 2147483647;
			files = (
			);
			runOnlyForDeploymentPostprocessing = 0;
		};
/* End PBXFrameworksBuildPhase section */

/* Begin PBXGroup section */
		01F04B9E2620C44E00279712 = {
			isa = PBXGroup;
			children = (
				01F04BA92620C44E00279712 /* CMTApp */,
				01F04BC02620C45100279712 /* CMTAppTests */,
				01F04BCB2620C45100279712 /* CMTAppUITests */,
				01F04BA82620C44E00279712 /* Products */,
			);
			sourceTree = "<group>";
		};
		01F04BA82620C44E00279712 /* Products */ = {
			isa = PBXGroup;
			children = (
				01F04BA72620C44E00279712 /* CMTApp.app */,
				01F04BBD2620C45100279712 /* CMTAppTests.xctest */,
				01F04BC82620C45100279712 /* CMTAppUITests.xctest */,
			);
			name = Products;
			sourceTree = "<group>";
		};
		01F04BA92620C44E00279712 /* CMTApp */ = {
			isa = PBXGroup;
			children = (
				01F04BAA2620C44E00279712 /* AppDelegate.swift */,
				01F04BAC2620C44E00279712 /* SceneDelegate.swift */,
				01F04BAE2620C44E00279712 /* ViewController.swift */,
				01F04BB02620C44E00279712 /* Main.storyboard */,
				01F04BB32620C45100279712 /* Assets.xcassets */,
				01F04BB52620C45100279712 /* LaunchScreen.storyboard */,
				01F04BB82620C45100279712 /* Info.plist */,
			);
			path = CMTApp;
			sourceTree = "<group>";
		};
		01F04BC02620C45100279712 /* CMTAppTests */ = {
			isa = PBXGroup;
			children = (
				01F04BC12620C45100279712 /* CMTAppTests.swift */,
				01F04BC32620C45100279712 /* Info.plist */,
			);
			path = CMTAppTests;
			sourceTree = "<group>";
		};
		01F04BCB2620C45100279712 /* CMTAppUITests */ = {
			isa = PBXGroup;
			children = (
				01F04BCC2620C45100279712 /* CMTAppUITests.swift */,
				01F04BCE2620C45100279712 /* Info.plist */,
			);
			path = CMTAppUITests;
			sourceTree = "<group>";
		};
/* End PBXGroup section */

/* Begin PBXNativeTarget section */
		01F04BA62620C44E00279712 /* CMTApp */ = {
			isa = PBXNativeTarget;
			buildConfigurationList = 01F04BD12620C45100279712 /* Build configuration list for PBXNativeTarget "CMTApp" */;
			buildPhases = (
				01F04BA32620C44E00279712 /* Sources */,
				01F04BA42620C44E00279712 /* Frameworks */,
				01F04BA52620C44E00279712 /* Resources */,
			);
			buildRules = (
			);
			dependencies = (
			);
			name = CMTApp;
			productName = CMTApp;
			productReference = 01F04BA72620C44E00279712 /* CMTApp.app */;
			productType = "com.apple.product-type.application";
		};
		01F04BBC2620C45100279712 /* CMTAppTests */ = {
			isa = PBXNativeTarget;
			buildConfigurationList = 01F04BD42620C45100279712 /* Build configuration list for PBXNativeTarget "CMTAppTests" */;
			buildPhases = (
				01F04BB92620C45100279712 /* Sources */,
				01F04BBA2620C45100279712 /* Frameworks */,
				01F04BBB2620C45100279712 /* Resources */,
			);
			buildRules = (
			);
			dependencies = (
				01F04BBF2620C45100279712 /* PBXTargetDependency */,
			);
			name = CMTAppTests;
			productName = CMTAppTests;
			productReference = 01F04BBD2620C45100279712 /* CMTAppTests.xctest */;
			productType = "com.apple.product-type.bundle.unit-test";
		};
		01F04BC72620C45100279712 /* CMTAppUITests */ = {
			isa = PBXNativeTarget;
			buildConfigurationList = 01F04BD72620C45100279712 /* Build configuration list for PBXNativeTarget "CMTAppUITests" */;
			buildPhases = (
				01F04BC42620C45100279712 /* Sources */,
				01F04BC52620C45100279712 /* Frameworks */,
				01F04BC62620C45100279712 /* Resources */,
			);
			buildRules = (
			);
			dependencies = (
				01F04BCA2620C45100279712 /* PBXTargetDependency */,
			);
			name = CMTAppUITests;
			productName = CMTAppUITests;
			productReference = 01F04BC82620C45100279712 /* CMTAppUITests.xctest */;
			productType = "com.apple.product-type.bundle.ui-testing";
		};
/* End PBXNativeTarget section */

/* Begin PBXProject section */
		01F04B9F2620C44E00279712 /* Project object */ = {
			isa = PBXProject;
			attributes = {
				LastSwiftUpdateCheck = 1240;
				LastUpgradeCheck = 1240;
				TargetAttributes = {
					01F04BA62620C44E00279712 = {
						CreatedOnToolsVersion = 12.4;
					};
					01F04BBC2620C45100279712 = {
						CreatedOnToolsVersion = 12.4;
						TestTargetID = 01F04BA62620C44E00279712;
					};
					01F04BC72620C45100279712 = {
						CreatedOnToolsVersion = 12.4;
						TestTargetID = 01F04BA62620C44E00279712;
					};
				};
			};
			buildConfigurationList = 01F04BA22620C44E00279712 /* Build configuration list for PBXProject "CMTApp" */;
			compatibilityVersion = "Xcode 9.3";
			developmentRegion = en;
			hasScannedForEncodings = 0;
			knownRegions = (
				en,
				Base,
			);
			mainGroup = 01F04B9E2620C44E00279712;
			productRefGroup = 01F04BA82620C44E00279712 /* Products */;
			projectDirPath = "";
			projectRoot = "";
			targets = (
				01F04BA62620C44E00279712 /* CMTApp */,
				01F04BBC2620C45100279712 /* CMTAppTests */,
				01F04BC72620C45100279712 /* CMTAppUITests */,
			);
		};
/* End PBXProject section */

/* Begin PBXResourcesBuildPhase section */
		01F04BA52620C44E00279712 /* Resources */ = {
			isa = PBXResourcesBuildPhase;
			buildActionMask = 2147483647;
			files = (
				01F04BB72620C45100279712 /* LaunchScreen.storyboard in Resources */,
				01F04BB42620C45100279712 /* Assets.xcassets in Resources */,
				01F04BB22620C44E00279712 /* Main.storyboard in Resources */,
			);
			runOnlyForDeploymentPostprocessing = 0;
		};
		01F04BBB2620C45100279712 /* Resources */ = {
			isa = PBXResourcesBuildPhase;
			buildActionMask = 2147483647;
			files = (
			);
			runOnlyForDeploymentPostprocessing = 0;
		};
		01F04BC62620C45100279712 /* Resources */ = {
			isa = PBXResourcesBuildPhase;
			buildActionMask = 2147483647;
			files = (
			);
			runOnlyForDeploymentPostprocessing = 0;
		};
/* End PBXResourcesBuildPhase section */

/* Begin PBXSourcesBuildPhase section */
		01F04BA32620C44E00279712 /* Sources */ = {
			isa = PBXSourcesBuildPhase;
			buildActionMask = 2147483647;
			files = (
				01F04BAF2620C44E00279712 /* ViewController.swift in Sources */,
				01F04BAB2620C44E00279712 /* AppDelegate.swift in Sources */,
				01F04BAD2620C44E00279712 /* SceneDelegate.swift in Sources */,
			);
			runOnlyForDeploymentPostprocessing = 0;
		};
		01F04BB92620C45100279712 /* Sources */ = {
			isa = PBXSourcesBuildPhase;
			buildActionMask = 2147483647;
			files = (
				01F04BC22620C45100279712 /* CMTAppTests.swift in Sources */,
			);
			runOnlyForDeploymentPostprocessing = 0;
		};
		01F04BC42620C45100279712 /* Sources */ = {
			isa = PBXSourcesBuildPhase;
			buildActionMask = 2147483647;
			files = (
				01F04BCD2620C45100279712 /* CMTAppUITests.swift in Sources */,
			);
			runOnlyForDeploymentPostprocessing = 0;
		};
/* End PBXSourcesBuildPhase section */

/* Begin PBXTargetDependency section */
		01F04BBF2620C45100279712 /* PBXTargetDependency */ = {
			isa = PBXTargetDependency;
			target = 01F04BA62620C44E00279712 /* CMTApp */;
			targetProxy = 01F04BBE2620C45100279712 /* PBXContainerItemProxy */;
		};
		01F04BCA2620C45100279712 /* PBXTargetDependency */ = {
			isa = PBXTargetDependency;
			target = 01F04BA62620C44E00279712 /* CMTApp */;
			targetProxy = 01F04BC92620C45100279712 /* PBXContainerItemProxy */;
		};
/* End PBXTargetDependency section */

/* Begin PBXVariantGroup section */
		01F04BB02620C44E00279712 /* Main.storyboard */ = {
			isa = PBXVariantGroup;
			children = (
				01F04BB12620C44E00279712 /* Base */,
			);
			name = Main.storyboard;
			sourceTree = "<group>";
		};
		01F04BB52620C45100279712 /* LaunchScreen.storyboard */ = {
			isa = PBXVariantGroup;
			children = (
				01F04BB62620C45100279712 /* Base */,
			);
			name = LaunchScreen.storyboard;
			sourceTree = "<group>";
		};
/* End PBXVariantGroup section */

/* Begin XCBuildConfiguration section */
		01F04BCF2620C45100279712 /* Debug */ = {
			isa = XCBuildConfiguration;
			buildSettings = {
				ALWAYS_SEARCH_USER_PATHS = NO;
				CLANG_ANALYZER_NONNULL = YES;
				CLANG_ANALYZER_NUMBER_OBJECT_CONVERSION = YES_AGGRESSIVE;
				CLANG_CXX_LANGUAGE_STANDARD = "gnu++14";
				CLANG_CXX_LIBRARY = "libc++";
				CLANG_ENABLE_MODULES = YES;
				CLANG_ENABLE_OBJC_ARC = YES;
				CLANG_ENABLE_OBJC_WEAK = YES;
				CLANG_WARN_BLOCK_CAPTURE_AUTORELEASING = YES;
				CLANG_WARN_BOOL_CONVERSION = YES;
				CLANG_WARN_COMMA = YES;
				CLANG_WARN_CONSTANT_CONVERSION = YES;
				CLANG_WARN_DEPRECATED_OBJC_IMPLEMENTATIONS = YES;
				CLANG_WARN_DIRECT_OBJC_ISA_USAGE = YES_ERROR;
				CLANG_WARN_DOCUMENTATION_COMMENTS = YES;
				CLANG_WARN_EMPTY_BODY = YES;
				CLANG_WARN_ENUM_CONVERSION = YES;
				CLANG_WARN_INFINITE_RECURSION = YES;
				CLANG_WARN_INT_CONVERSION = YES;
				CLANG_WARN_NON_LITERAL_NULL_CONVERSION = YES;
				CLANG_WARN_OBJC_IMPLICIT_RETAIN_SELF = YES;
				CLANG_WARN_OBJC_LITERAL_CONVERSION = YES;
				CLANG_WARN_OBJC_ROOT_CLASS = YES_ERROR;
				CLANG_WARN_QUOTED_INCLUDE_IN_FRAMEWORK_HEADER = YES;
				CLANG_WARN_RANGE_LOOP_ANALYSIS = YES;
				CLANG_WARN_STRICT_PROTOTYPES = YES;
				CLANG_WARN_SUSPICIOUS_MOVE = YES;
				CLANG_WARN_UNGUARDED_AVAILABILITY = YES_AGGRESSIVE;
				CLANG_WARN_UNREACHABLE_CODE = YES;
				CLANG_WARN__DUPLICATE_METHOD_MATCH = YES;
				COPY_PHASE_STRIP = NO;
				DEBUG_INFORMATION_FORMAT = dwarf;
				ENABLE_STRICT_OBJC_MSGSEND = YES;
				ENABLE_TESTABILITY = YES;
				GCC_C_LANGUAGE_STANDARD = gnu11;
				GCC_DYNAMIC_NO_PIC = NO;
				GCC_NO_COMMON_BLOCKS = YES;
				GCC_OPTIMIZATION_LEVEL = 0;
				GCC_PREPROCESSOR_DEFINITIONS = (
					"DEBUG=1",
					"$(inherited)",
				);
				GCC_WARN_64_TO_32_BIT_CONVERSION = YES;
				GCC_WARN_ABOUT_RETURN_TYPE = YES_ERROR;
				GCC_WARN_UNDECLARED_SELECTOR = YES;
				GCC_WARN_UNINITIALIZED_AUTOS = YES_AGGRESSIVE;
				GCC_WARN_UNUSED_FUNCTION = YES;
				GCC_WARN_UNUSED_VARIABLE = YES;
				IPHONEOS_DEPLOYMENT_TARGET = 14.4;
				MTL_ENABLE_DEBUG_INFO = INCLUDE_SOURCE;
				MTL_FAST_MATH = YES;
				ONLY_ACTIVE_ARCH = YES;
				SDKROOT = iphoneos;
				SWIFT_ACTIVE_COMPILATION_CONDITIONS = DEBUG;
				SWIFT_OPTIMIZATION_LEVEL = "-Onone";
			};
			name = Debug;
		};
		01F04BD02620C45100279712 /* Release */ = {
			isa = XCBuildConfiguration;
			buildSettings = {
				ALWAYS_SEARCH_USER_PATHS = NO;
				CLANG_ANALYZER_NONNULL = YES;
				CLANG_ANALYZER_NUMBER_OBJECT_CONVERSION = YES_AGGRESSIVE;
				CLANG_CXX_LANGUAGE_STANDARD = "gnu++14";
				CLANG_CXX_LIBRARY = "libc++";
				CLANG_ENABLE_MODULES = YES;
				CLANG_ENABLE_OBJC_ARC = YES;
				CLANG_ENABLE_OBJC_WEAK = YES;
				CLANG_WARN_BLOCK_CAPTURE_AUTORELEASING = YES;
				CLANG_WARN_BOOL_CONVERSION = YES;
				CLANG_WARN_COMMA = YES;
				CLANG_WARN_CONSTANT_CONVERSION = YES;
				CLANG_WARN_DEPRECATED_OBJC_IMPLEMENTATIONS = YES;
				CLANG_WARN_DIRECT_OBJC_ISA_USAGE = YES_ERROR;
				CLANG_WARN_DOCUMENTATION_COMMENTS = YES;
				CLANG_WARN_EMPTY_BODY = YES;
				CLANG_WARN_ENUM_CONVERSION = YES;
				CLANG_WARN_INFINITE_RECURSION = YES;
				CLANG_WARN_INT_CONVERSION = YES;
				CLANG_WARN_NON_LITERAL_NULL_CONVERSION = YES;
				CLANG_WARN_OBJC_IMPLICIT_RETAIN_SELF = YES;
				CLANG_WARN_OBJC_LITERAL_CONVERSION = YES;
				CLANG_WARN_OBJC_ROOT_CLASS = YES_ERROR;
				CLANG_WARN_QUOTED_INCLUDE_IN_FRAMEWORK_HEADER = YES;
				CLANG_WARN_RANGE_LOOP_ANALYSIS = YES;
				CLANG_WARN_STRICT_PROTOTYPES = YES;
				CLANG_WARN_SUSPICIOUS_MOVE = YES;
				CLANG_WARN_UNGUARDED_AVAILABILITY = YES_AGGRESSIVE;
				CLANG_WARN_UNREACHABLE_CODE = YES;
				CLANG_WARN__DUPLICATE_METHOD_MATCH = YES;
				COPY_PHASE_STRIP = NO;
				DEBUG_INFORMATION_FORMAT = "dwarf-with-dsym";
				ENABLE_NS_ASSERTIONS = NO;
				ENABLE_STRICT_OBJC_MSGSEND = YES;
				GCC_C_LANGUAGE_STANDARD = gnu11;
				GCC_NO_COMMON_BLOCKS = YES;
				GCC_WARN_64_TO_32_BIT_CONVERSION = YES;
				GCC_WARN_ABOUT_RETURN_TYPE = YES_ERROR;
				GCC_WARN_UNDECLARED_SELECTOR = YES;
				GCC_WARN_UNINITIALIZED_AUTOS = YES_AGGRESSIVE;
				GCC_WARN_UNUSED_FUNCTION = YES;
				GCC_WARN_UNUSED_VARIABLE = YES;
				IPHONEOS_DEPLOYMENT_TARGET = 14.4;
				MTL_ENABLE_DEBUG_INFO = NO;
				MTL_FAST_MATH = YES;
				SDKROOT = iphoneos;
				SWIFT_COMPILATION_MODE = wholemodule;
				SWIFT_OPTIMIZATION_LEVEL = "-O";
				VALIDATE_PRODUCT = YES;
			};
			name = Release;
		};
		01F04BD22620C45100279712 /* Debug */ = {
			isa = XCBuildConfiguration;
			buildSettings = {
				ASSETCATALOG_COMPILER_APPICON_NAME = AppIcon;
				ASSETCATALOG_COMPILER_GLOBAL_ACCENT_COLOR_NAME = AccentColor;
				CODE_SIGN_STYLE = Automatic;
				INFOPLIST_FILE = CMTApp/Info.plist;
				LD_RUNPATH_SEARCH_PATHS = (
					"$(inherited)",
					"@executable_path/Frameworks",
				);
				PRODUCT_BUNDLE_IDENTIFIER = com.karan.CMTApp;
				PRODUCT_NAME = "$(TARGET_NAME)";
				SWIFT_VERSION = 5.0;
				TARGETED_DEVICE_FAMILY = "1,2";
			};
			name = Debug;
		};
		01F04BD32620C45100279712 /* Release */ = {
			isa = XCBuildConfiguration;
			buildSettings = {
				ASSETCATALOG_COMPILER_APPICON_NAME = AppIcon;
				ASSETCATALOG_COMPILER_GLOBAL_ACCENT_COLOR_NAME = AccentColor;
				CODE_SIGN_STYLE = Automatic;
				INFOPLIST_FILE = CMTApp/Info.plist;
				LD_RUNPATH_SEARCH_PATHS = (
					"$(inherited)",
					"@executable_path/Frameworks",
				);
				PRODUCT_BUNDLE_IDENTIFIER = com.karan.CMTApp;
				PRODUCT_NAME = "$(TARGET_NAME)";
				SWIFT_VERSION = 5.0;
				TARGETED_DEVICE_FAMILY = "1,2";
			};
			name = Release;
		};
		01F04BD52620C45100279712 /* Debug */ = {
			isa = XCBuildConfiguration;
			buildSettings = {
				ALWAYS_EMBED_SWIFT_STANDARD_LIBRARIES = YES;
				BUNDLE_LOADER = "$(TEST_HOST)";
				CODE_SIGN_STYLE = Automatic;
				INFOPLIST_FILE = CMTAppTests/Info.plist;
				IPHONEOS_DEPLOYMENT_TARGET = 14.4;
				LD_RUNPATH_SEARCH_PATHS = (
					"$(inherited)",
					"@executable_path/Frameworks",
					"@loader_path/Frameworks",
				);
				PRODUCT_BUNDLE_IDENTIFIER = com.karan.CMTAppTests;
				PRODUCT_NAME = "$(TARGET_NAME)";
				SWIFT_VERSION = 5.0;
				TARGETED_DEVICE_FAMILY = "1,2";
				TEST_HOST = "$(BUILT_PRODUCTS_DIR)/CMTApp.app/CMTApp";
			};
			name = Debug;
		};
		01F04BD62620C45100279712 /* Release */ = {
			isa = XCBuildConfiguration;
			buildSettings = {
				ALWAYS_EMBED_SWIFT_STANDARD_LIBRARIES = YES;
				BUNDLE_LOADER = "$(TEST_HOST)";
				CODE_SIGN_STYLE = Automatic;
				INFOPLIST_FILE = CMTAppTests/Info.plist;
				IPHONEOS_DEPLOYMENT_TARGET = 14.4;
				LD_RUNPATH_SEARCH_PATHS = (
					"$(inherited)",
					"@executable_path/Frameworks",
					"@loader_path/Frameworks",
				);
				PRODUCT_BUNDLE_IDENTIFIER = com.karan.CMTAppTests;
				PRODUCT_NAME = "$(TARGET_NAME)";
				SWIFT_VERSION = 5.0;
				TARGETED_DEVICE_FAMILY = "1,2";
				TEST_HOST = "$(BUILT_PRODUCTS_DIR)/CMTApp.app/CMTApp";
			};
			name = Release;
		};
		01F04BD82620C45100279712 /* Debug */ = {
			isa = XCBuildConfiguration;
			buildSettings = {
				ALWAYS_EMBED_SWIFT_STANDARD_LIBRARIES = YES;
				CODE_SIGN_STYLE = Automatic;
				INFOPLIST_FILE = CMTAppUITests/Info.plist;
				LD_RUNPATH_SEARCH_PATHS = (
					"$(inherited)",
					"@executable_path/Frameworks",
					"@loader_path/Frameworks",
				);
				PRODUCT_BUNDLE_IDENTIFIER = com.karan.CMTAppUITests;
				PRODUCT_NAME = "$(TARGET_NAME)";
				SWIFT_VERSION = 5.0;
				TARGETED_DEVICE_FAMILY = "1,2";
				TEST_TARGET_NAME = CMTApp;
			};
			name = Debug;
		};
		01F04BD92620C45100279712 /* Release */ = {
			isa = XCBuildConfiguration;
			buildSettings = {
				ALWAYS_EMBED_SWIFT_STANDARD_LIBRARIES = YES;
				CODE_SIGN_STYLE = Automatic;
				INFOPLIST_FILE = CMTAppUITests/Info.plist;
				LD_RUNPATH_SEARCH_PATHS = (
					"$(inherited)",
					"@executable_path/Frameworks",
					"@loader_path/Frameworks",
				);
				PRODUCT_BUNDLE_IDENTIFIER = com.karan.CMTAppUITests;
				PRODUCT_NAME = "$(TARGET_NAME)";
				SWIFT_VERSION = 5.0;
				TARGETED_DEVICE_FAMILY = "1,2";
				TEST_TARGET_NAME = CMTApp;
			};
			name = Release;
		};
/* End XCBuildConfiguration section */

/* Begin XCConfigurationList section */
		01F04BA22620C44E00279712 /* Build configuration list for PBXProject "CMTApp" */ = {
			isa = XCConfigurationList;
			buildConfigurations = (
				01F04BCF2620C45100279712 /* Debug */,
				01F04BD02620C45100279712 /* Release */,
			);
			defaultConfigurationIsVisible = 0;
			defaultConfigurationName = Release;
		};
		01F04BD12620C45100279712 /* Build configuration list for PBXNativeTarget "CMTApp" */ = {
			isa = XCConfigurationList;
			buildConfigurations = (
				01F04BD22620C45100279712 /* Debug */,
				01F04BD32620C45100279712 /* Release */,
			);
			defaultConfigurationIsVisible = 0;
			defaultConfigurationName = Release;
		};
		01F04BD42620C45100279712 /* Build configuration list for PBXNativeTarget "CMTAppTests" */ = {
			isa = XCConfigurationList;
			buildConfigurations = (
				01F04BD52620C45100279712 /* Debug */,
				01F04BD62620C45100279712 /* Release */,
			);
			defaultConfigurationIsVisible = 0;
			defaultConfigurationName = Release;
		};
		01F04BD72620C45100279712 /* Build configuration list for PBXNativeTarget "CMTAppUITests" */ = {
			isa = XCConfigurationList;
			buildConfigurations = (
				01F04BD82620C45100279712 /* Debug */,
				01F04BD92620C45100279712 /* Release */,
			);
			defaultConfigurationIsVisible = 0;
			defaultConfigurationName = Release;
		};
/* End XCConfigurationList section */
	};
	rootObject = 01F04B9F2620C44E00279712 /* Project object */;
}
